// !$*UTF8*$!
{
	archiveVersion = 1;
	classes = {
	};
	objectVersion = 50;
	objects = {

/* Begin PBXBuildFile section */
		0684FAA827A00FBF007252F4 /* GeneralSwift.h in Headers */ = {isa = PBXBuildFile; fileRef = 0684FAA627A00FBF007252F4 /* GeneralSwift.h */; settings = {ATTRIBUTES = (Public, ); }; };
		0684FAB127A0144D007252F4 /* Validator.swift in Sources */ = {isa = PBXBuildFile; fileRef = 0684FAB027A0144D007252F4 /* Validator.swift */; };
		06AA119227C8085300230C02 /* Helper.swift in Sources */ = {isa = PBXBuildFile; fileRef = 06AA119127C8085300230C02 /* Helper.swift */; };
		06AA119427C8152800230C02 /* UIViewController-Extension.swift in Sources */ = {isa = PBXBuildFile; fileRef = 06AA119327C8152800230C02 /* UIViewController-Extension.swift */; };
		06AA119627C81EAF00230C02 /* DateHelper.swift in Sources */ = {isa = PBXBuildFile; fileRef = 06AA119527C81EAF00230C02 /* DateHelper.swift */; };
		06AA119927C8237300230C02 /* UIDate-Extention.swift in Sources */ = {isa = PBXBuildFile; fileRef = 06AA119827C8237300230C02 /* UIDate-Extention.swift */; };
		06F0AF8927CC077A00BEC1E0 /* UITableView-Extension.swift in Sources */ = {isa = PBXBuildFile; fileRef = 06F0AF8827CC077A00BEC1E0 /* UITableView-Extension.swift */; };
/* End PBXBuildFile section */

/* Begin PBXFileReference section */
		0684FAA327A00FBF007252F4 /* GeneralSwift.framework */ = {isa = PBXFileReference; explicitFileType = wrapper.framework; includeInIndex = 0; path = GeneralSwift.framework; sourceTree = BUILT_PRODUCTS_DIR; };
		0684FAA627A00FBF007252F4 /* GeneralSwift.h */ = {isa = PBXFileReference; lastKnownFileType = sourcecode.c.h; path = GeneralSwift.h; sourceTree = "<group>"; };
		0684FAA727A00FBF007252F4 /* Info.plist */ = {isa = PBXFileReference; lastKnownFileType = text.plist.xml; path = Info.plist; sourceTree = "<group>"; };
		0684FAB027A0144D007252F4 /* Validator.swift */ = {isa = PBXFileReference; fileEncoding = 4; lastKnownFileType = sourcecode.swift; path = Validator.swift; sourceTree = "<group>"; };
		06AA119127C8085300230C02 /* Helper.swift */ = {isa = PBXFileReference; lastKnownFileType = sourcecode.swift; path = Helper.swift; sourceTree = "<group>"; };
		06AA119327C8152800230C02 /* UIViewController-Extension.swift */ = {isa = PBXFileReference; lastKnownFileType = sourcecode.swift; path = "UIViewController-Extension.swift"; sourceTree = "<group>"; };
		06AA119527C81EAF00230C02 /* DateHelper.swift */ = {isa = PBXFileReference; lastKnownFileType = sourcecode.swift; path = DateHelper.swift; sourceTree = "<group>"; };
		06AA119827C8237300230C02 /* UIDate-Extention.swift */ = {isa = PBXFileReference; lastKnownFileType = sourcecode.swift; path = "UIDate-Extention.swift"; sourceTree = "<group>"; };
		06F0AF8827CC077A00BEC1E0 /* UITableView-Extension.swift */ = {isa = PBXFileReference; lastKnownFileType = sourcecode.swift; path = "UITableView-Extension.swift"; sourceTree = "<group>"; };
/* End PBXFileReference section */

/* Begin PBXFrameworksBuildPhase section */
		0684FAA027A00FBF007252F4 /* Frameworks */ = {
			isa = PBXFrameworksBuildPhase;
			buildActionMask = 2147483647;
			files = (
			);
			runOnlyForDeploymentPostprocessing = 0;
		};
/* End PBXFrameworksBuildPhase section */

/* Begin PBXGroup section */
		0684FA9927A00FBF007252F4 = {
			isa = PBXGroup;
			children = (
				0684FAA527A00FBF007252F4 /* GeneralSwift */,
				0684FAA427A00FBF007252F4 /* Products */,
			);
			sourceTree = "<group>";
		};
		0684FAA427A00FBF007252F4 /* Products */ = {
			isa = PBXGroup;
			children = (
				0684FAA327A00FBF007252F4 /* GeneralSwift.framework */,
			);
			name = Products;
			sourceTree = "<group>";
		};
		0684FAA527A00FBF007252F4 /* GeneralSwift */ = {
			isa = PBXGroup;
			children = (
				0684FAA627A00FBF007252F4 /* GeneralSwift.h */,
				0684FAA727A00FBF007252F4 /* Info.plist */,
				06AA119727C8235D00230C02 /* Sources */,
			);
			path = GeneralSwift;
			sourceTree = "<group>";
		};
		06AA119727C8235D00230C02 /* Sources */ = {
			isa = PBXGroup;
			children = (
				06AA119527C81EAF00230C02 /* DateHelper.swift */,
				06AA119827C8237300230C02 /* UIDate-Extention.swift */,
				06AA119327C8152800230C02 /* UIViewController-Extension.swift */,
				06AA119127C8085300230C02 /* Helper.swift */,
				0684FAB027A0144D007252F4 /* Validator.swift */,
				06F0AF8827CC077A00BEC1E0 /* UITableView-Extension.swift */,
			);
			path = Sources;
			sourceTree = "<group>";
		};
/* End PBXGroup section */

/* Begin PBXHeadersBuildPhase section */
		0684FA9E27A00FBF007252F4 /* Headers */ = {
			isa = PBXHeadersBuildPhase;
			buildActionMask = 2147483647;
			files = (
				0684FAA827A00FBF007252F4 /* GeneralSwift.h in Headers */,
			);
			runOnlyForDeploymentPostprocessing = 0;
		};
/* End PBXHeadersBuildPhase section */

/* Begin PBXNativeTarget section */
		0684FAA227A00FBF007252F4 /* GeneralSwift */ = {
			isa = PBXNativeTarget;
			buildConfigurationList = 0684FAAB27A00FBF007252F4 /* Build configuration list for PBXNativeTarget "GeneralSwift" */;
			buildPhases = (
				0684FA9E27A00FBF007252F4 /* Headers */,
				0684FA9F27A00FBF007252F4 /* Sources */,
				0684FAA027A00FBF007252F4 /* Frameworks */,
				0684FAA127A00FBF007252F4 /* Resources */,
			);
			buildRules = (
			);
			dependencies = (
			);
			name = GeneralSwift;
			productName = GeneralSwift;
			productReference = 0684FAA327A00FBF007252F4 /* GeneralSwift.framework */;
			productType = "com.apple.product-type.framework";
		};
/* End PBXNativeTarget section */

/* Begin PBXProject section */
		0684FA9A27A00FBF007252F4 /* Project object */ = {
			isa = PBXProject;
			attributes = {
				LastUpgradeCheck = 1250;
				TargetAttributes = {
					0684FAA227A00FBF007252F4 = {
						CreatedOnToolsVersion = 12.5;
						LastSwiftMigration = 1250;
					};
				};
			};
			buildConfigurationList = 0684FA9D27A00FBF007252F4 /* Build configuration list for PBXProject "GeneralSwift" */;
			compatibilityVersion = "Xcode 9.3";
			developmentRegion = en;
			hasScannedForEncodings = 0;
			knownRegions = (
				en,
				Base,
			);
			mainGroup = 0684FA9927A00FBF007252F4;
			productRefGroup = 0684FAA427A00FBF007252F4 /* Products */;
			projectDirPath = "";
			projectRoot = "";
			targets = (
				0684FAA227A00FBF007252F4 /* GeneralSwift */,
			);
		};
/* End PBXProject section */

/* Begin PBXResourcesBuildPhase section */
		0684FAA127A00FBF007252F4 /* Resources */ = {
			isa = PBXResourcesBuildPhase;
			buildActionMask = 2147483647;
			files = (
			);
			runOnlyForDeploymentPostprocessing = 0;
		};
/* End PBXResourcesBuildPhase section */

/* Begin PBXSourcesBuildPhase section */
		0684FA9F27A00FBF007252F4 /* Sources */ = {
			isa = PBXSourcesBuildPhase;
			buildActionMask = 2147483647;
			files = (
				0684FAB127A0144D007252F4 /* Validator.swift in Sources */,
				06AA119627C81EAF00230C02 /* DateHelper.swift in Sources */,
				06AA119227C8085300230C02 /* Helper.swift in Sources */,
				06AA119927C8237300230C02 /* UIDate-Extention.swift in Sources */,
				06AA119427C8152800230C02 /* UIViewController-Extension.swift in Sources */,
				06F0AF8927CC077A00BEC1E0 /* UITableView-Extension.swift in Sources */,
			);
			runOnlyForDeploymentPostprocessing = 0;
		};
/* End PBXSourcesBuildPhase section */

/* Begin XCBuildConfiguration section */
		0684FAA927A00FBF007252F4 /* Debug */ = {
			isa = XCBuildConfiguration;
			buildSettings = {
				ALWAYS_SEARCH_USER_PATHS = NO;
				CLANG_ANALYZER_NONNULL = YES;
				CLANG_ANALYZER_NUMBER_OBJECT_CONVERSION = YES_AGGRESSIVE;
				CLANG_CXX_LANGUAGE_STANDARD = "gnu++14";
				CLANG_CXX_LIBRARY = "libc++";
				CLANG_ENABLE_MODULES = YES;
				CLANG_ENABLE_OBJC_ARC = YES;
				CLANG_ENABLE_OBJC_WEAK = YES;
				CLANG_WARN_BLOCK_CAPTURE_AUTORELEASING = YES;
				CLANG_WARN_BOOL_CONVERSION = YES;
				CLANG_WARN_COMMA = YES;
				CLANG_WARN_CONSTANT_CONVERSION = YES;
				CLANG_WARN_DEPRECATED_OBJC_IMPLEMENTATIONS = YES;
				CLANG_WARN_DIRECT_OBJC_ISA_USAGE = YES_ERROR;
				CLANG_WARN_DOCUMENTATION_COMMENTS = YES;
				CLANG_WARN_EMPTY_BODY = YES;
				CLANG_WARN_ENUM_CONVERSION = YES;
				CLANG_WARN_INFINITE_RECURSION = YES;
				CLANG_WARN_INT_CONVERSION = YES;
				CLANG_WARN_NON_LITERAL_NULL_CONVERSION = YES;
				CLANG_WARN_OBJC_IMPLICIT_RETAIN_SELF = YES;
				CLANG_WARN_OBJC_LITERAL_CONVERSION = YES;
				CLANG_WARN_OBJC_ROOT_CLASS = YES_ERROR;
				CLANG_WARN_QUOTED_INCLUDE_IN_FRAMEWORK_HEADER = YES;
				CLANG_WARN_RANGE_LOOP_ANALYSIS = YES;
				CLANG_WARN_STRICT_PROTOTYPES = YES;
				CLANG_WARN_SUSPICIOUS_MOVE = YES;
				CLANG_WARN_UNGUARDED_AVAILABILITY = YES_AGGRESSIVE;
				CLANG_WARN_UNREACHABLE_CODE = YES;
				CLANG_WARN__DUPLICATE_METHOD_MATCH = YES;
				COPY_PHASE_STRIP = NO;
				CURRENT_PROJECT_VERSION = 1;
				DEBUG_INFORMATION_FORMAT = dwarf;
				ENABLE_STRICT_OBJC_MSGSEND = YES;
				ENABLE_TESTABILITY = YES;
				GCC_C_LANGUAGE_STANDARD = gnu11;
				GCC_DYNAMIC_NO_PIC = NO;
				GCC_NO_COMMON_BLOCKS = YES;
				GCC_OPTIMIZATION_LEVEL = 0;
				GCC_PREPROCESSOR_DEFINITIONS = (
					"DEBUG=1",
					"$(inherited)",
				);
				GCC_WARN_64_TO_32_BIT_CONVERSION = YES;
				GCC_WARN_ABOUT_RETURN_TYPE = YES_ERROR;
				GCC_WARN_UNDECLARED_SELECTOR = YES;
				GCC_WARN_UNINITIALIZED_AUTOS = YES_AGGRESSIVE;
				GCC_WARN_UNUSED_FUNCTION = YES;
				GCC_WARN_UNUSED_VARIABLE = YES;
				IPHONEOS_DEPLOYMENT_TARGET = 13.0;
				MTL_ENABLE_DEBUG_INFO = INCLUDE_SOURCE;
				MTL_FAST_MATH = YES;
				ONLY_ACTIVE_ARCH = YES;
				SDKROOT = iphoneos;
				SWIFT_ACTIVE_COMPILATION_CONDITIONS = DEBUG;
				SWIFT_OPTIMIZATION_LEVEL = "-Onone";
				VERSIONING_SYSTEM = "apple-generic";
				VERSION_INFO_PREFIX = "";
			};
			name = Debug;
		};
		0684FAAA27A00FBF007252F4 /* Release */ = {
			isa = XCBuildConfiguration;
			buildSettings = {
				ALWAYS_SEARCH_USER_PATHS = NO;
				CLANG_ANALYZER_NONNULL = YES;
				CLANG_ANALYZER_NUMBER_OBJECT_CONVERSION = YES_AGGRESSIVE;
				CLANG_CXX_LANGUAGE_STANDARD = "gnu++14";
				CLANG_CXX_LIBRARY = "libc++";
				CLANG_ENABLE_MODULES = YES;
				CLANG_ENABLE_OBJC_ARC = YES;
				CLANG_ENABLE_OBJC_WEAK = YES;
				CLANG_WARN_BLOCK_CAPTURE_AUTORELEASING = YES;
				CLANG_WARN_BOOL_CONVERSION = YES;
				CLANG_WARN_COMMA = YES;
				CLANG_WARN_CONSTANT_CONVERSION = YES;
				CLANG_WARN_DEPRECATED_OBJC_IMPLEMENTATIONS = YES;
				CLANG_WARN_DIRECT_OBJC_ISA_USAGE = YES_ERROR;
				CLANG_WARN_DOCUMENTATION_COMMENTS = YES;
				CLANG_WARN_EMPTY_BODY = YES;
				CLANG_WARN_ENUM_CONVERSION = YES;
				CLANG_WARN_INFINITE_RECURSION = YES;
				CLANG_WARN_INT_CONVERSION = YES;
				CLANG_WARN_NON_LITERAL_NULL_CONVERSION = YES;
				CLANG_WARN_OBJC_IMPLICIT_RETAIN_SELF = YES;
				CLANG_WARN_OBJC_LITERAL_CONVERSION = YES;
				CLANG_WARN_OBJC_ROOT_CLASS = YES_ERROR;
				CLANG_WARN_QUOTED_INCLUDE_IN_FRAMEWORK_HEADER = YES;
				CLANG_WARN_RANGE_LOOP_ANALYSIS = YES;
				CLANG_WARN_STRICT_PROTOTYPES = YES;
				CLANG_WARN_SUSPICIOUS_MOVE = YES;
				CLANG_WARN_UNGUARDED_AVAILABILITY = YES_AGGRESSIVE;
				CLANG_WARN_UNREACHABLE_CODE = YES;
				CLANG_WARN__DUPLICATE_METHOD_MATCH = YES;
				COPY_PHASE_STRIP = NO;
				CURRENT_PROJECT_VERSION = 1;
				DEBUG_INFORMATION_FORMAT = "dwarf-with-dsym";
				ENABLE_NS_ASSERTIONS = NO;
				ENABLE_STRICT_OBJC_MSGSEND = YES;
				GCC_C_LANGUAGE_STANDARD = gnu11;
				GCC_NO_COMMON_BLOCKS = YES;
				GCC_WARN_64_TO_32_BIT_CONVERSION = YES;
				GCC_WARN_ABOUT_RETURN_TYPE = YES_ERROR;
				GCC_WARN_UNDECLARED_SELECTOR = YES;
				GCC_WARN_UNINITIALIZED_AUTOS = YES_AGGRESSIVE;
				GCC_WARN_UNUSED_FUNCTION = YES;
				GCC_WARN_UNUSED_VARIABLE = YES;
				IPHONEOS_DEPLOYMENT_TARGET = 13.0;
				MTL_ENABLE_DEBUG_INFO = NO;
				MTL_FAST_MATH = YES;
				SDKROOT = iphoneos;
				SWIFT_COMPILATION_MODE = wholemodule;
				SWIFT_OPTIMIZATION_LEVEL = "-O";
				VALIDATE_PRODUCT = YES;
				VERSIONING_SYSTEM = "apple-generic";
				VERSION_INFO_PREFIX = "";
			};
			name = Release;
		};
		0684FAAC27A00FBF007252F4 /* Debug */ = {
			isa = XCBuildConfiguration;
			buildSettings = {
				CLANG_ENABLE_MODULES = YES;
				CODE_SIGN_STYLE = Automatic;
				DEFINES_MODULE = YES;
				DEVELOPMENT_TEAM = Y47HU2SJYL;
				DYLIB_COMPATIBILITY_VERSION = 1;
				DYLIB_CURRENT_VERSION = 1;
				DYLIB_INSTALL_NAME_BASE = "@rpath";
				INFOPLIST_FILE = GeneralSwift/Info.plist;
				INSTALL_PATH = "$(LOCAL_LIBRARY_DIR)/Frameworks";
				IPHONEOS_DEPLOYMENT_TARGET = 13.0;
				LD_RUNPATH_SEARCH_PATHS = (
					"$(inherited)",
					"@executable_path/Frameworks",
					"@loader_path/Frameworks",
				);
				PRODUCT_BUNDLE_IDENTIFIER = com.Safaa.safaa.GeneralSwift;
				PRODUCT_NAME = "$(TARGET_NAME:c99extidentifier)";
				SKIP_INSTALL = YES;
				SWIFT_OPTIMIZATION_LEVEL = "-Onone";
				SWIFT_VERSION = 5.0;
				TARGETED_DEVICE_FAMILY = "1,2";
			};
			name = Debug;
		};
		0684FAAD27A00FBF007252F4 /* Release */ = {
			isa = XCBuildConfiguration;
			buildSettings = {
				CLANG_ENABLE_MODULES = YES;
				CODE_SIGN_STYLE = Automatic;
				DEFINES_MODULE = YES;
				DEVELOPMENT_TEAM = Y47HU2SJYL;
				DYLIB_COMPATIBILITY_VERSION = 1;
				DYLIB_CURRENT_VERSION = 1;
				DYLIB_INSTALL_NAME_BASE = "@rpath";
				INFOPLIST_FILE = GeneralSwift/Info.plist;
				INSTALL_PATH = "$(LOCAL_LIBRARY_DIR)/Frameworks";
				IPHONEOS_DEPLOYMENT_TARGET = 13.0;
				LD_RUNPATH_SEARCH_PATHS = (
					"$(inherited)",
					"@executable_path/Frameworks",
					"@loader_path/Frameworks",
				);
				PRODUCT_BUNDLE_IDENTIFIER = com.Safaa.safaa.GeneralSwift;
				PRODUCT_NAME = "$(TARGET_NAME:c99extidentifier)";
				SKIP_INSTALL = YES;
				SWIFT_VERSION = 5.0;
				TARGETED_DEVICE_FAMILY = "1,2";
			};
			name = Release;
		};
/* End XCBuildConfiguration section */

/* Begin XCConfigurationList section */
		0684FA9D27A00FBF007252F4 /* Build configuration list for PBXProject "GeneralSwift" */ = {
			isa = XCConfigurationList;
			buildConfigurations = (
				0684FAA927A00FBF007252F4 /* Debug */,
				0684FAAA27A00FBF007252F4 /* Release */,
			);
			defaultConfigurationIsVisible = 0;
			defaultConfigurationName = Release;
		};
		0684FAAB27A00FBF007252F4 /* Build configuration list for PBXNativeTarget "GeneralSwift" */ = {
			isa = XCConfigurationList;
			buildConfigurations = (
				0684FAAC27A00FBF007252F4 /* Debug */,
				0684FAAD27A00FBF007252F4 /* Release */,
			);
			defaultConfigurationIsVisible = 0;
			defaultConfigurationName = Release;
		};
/* End XCConfigurationList section */
	};
	rootObject = 0684FA9A27A00FBF007252F4 /* Project object */;
}
